
Microsoft Visual Studio Solution File, Format Version 12.00
# Visual Studio Version 16
VisualStudioVersion = 16.0.32510.428
MinimumVisualStudioVersion = 10.0.40219.1
Project("{FAE04EC0-301F-11D3-BF4B-00C04F79EFBC}") = "WindowsFormsApp4", "WindowsFormsApp4\WindowsFormsApp4.csproj", "{3B05C340-CDBC-47BF-B980-BAABF003485D}"
EndProject
Global
	GlobalSection(SolutionConfigurationPlatforms) = preSolution
		Debug|Any CPU = Debug|Any CPU
		Release|Any CPU = Release|Any CPU
	EndGlobalSection
	GlobalSection(ProjectConfigurationPlatforms) = postSolution
		{3B05C340-CDBC-47BF-B980-BAABF003485D}.Debug|Any CPU.ActiveCfg = Debug|Any CPU
		{3B05C340-CDBC-47BF-B980-BAABF003485D}.Debug|Any CPU.Build.0 = Debug|Any CPU
		{3B05C340-CDBC-47BF-B980-BAABF003485D}.Release|Any CPU.ActiveCfg = Release|Any CPU
		{3B05C340-CDBC-47BF-B980-BAABF003485D}.Release|Any CPU.Build.0 = Release|Any CPU
	EndGlobalSection
	GlobalSection(SolutionProperties) = preSolution
		HideSolutionNode = FALSE
	EndGlobalSection
	GlobalSection(ExtensibilityGlobals) = postSolution
		SolutionGuid = {A39506CC-C881-476B-A907-749AA2DA6ACA}
	EndGlobalSection
EndGlobal
